
Microsoft Visual Studio Solution File, Format Version 12.00
# Visual Studio Version 17
VisualStudioVersion = 17.9.34728.123
MinimumVisualStudioVersion = 10.0.40219.1
Project("{8BC9CEB8-8B4A-11D0-8D11-00A0C91BC942}") = "CplusplusProject", "CplusplusProject.vcxproj", "{BDBB0FC1-FE91-4BA0-B083-C58008EC3C97}"
EndProject
Project("{8BC9CEB8-8B4A-11D0-8D11-00A0C91BC942}") = "ConsoleText", "..\ConsoleText\ConsoleText.vcxproj", "{F9B7CFC3-81CF-4E77-B837-BA78CAA91B98}"
EndProject
Project("{8BC9CEB8-8B4A-11D0-8D11-00A0C91BC942}") = "RPGBattleSystem", "..\Project1\Project1.vcxproj", "{3AE56196-4564-4734-A3AC-6157A96E8EDB}"
EndProject
Global
	GlobalSection(SolutionConfigurationPlatforms) = preSolution
		Debug|x64 = Debug|x64
		Debug|x86 = Debug|x86
		Release|x64 = Release|x64
		Release|x86 = Release|x86
	EndGlobalSection
	GlobalSection(ProjectConfigurationPlatforms) = postSolution
		{BDBB0FC1-FE91-4BA0-B083-C58008EC3C97}.Debug|x64.ActiveCfg = Debug|x64
		{BDBB0FC1-FE91-4BA0-B083-C58008EC3C97}.Debug|x64.Build.0 = Debug|x64
		{BDBB0FC1-FE91-4BA0-B083-C58008EC3C97}.Debug|x86.ActiveCfg = Debug|Win32
		{BDBB0FC1-FE91-4BA0-B083-C58008EC3C97}.Debug|x86.Build.0 = Debug|Win32
		{BDBB0FC1-FE91-4BA0-B083-C58008EC3C97}.Release|x64.ActiveCfg = Release|x64
		{BDBB0FC1-FE91-4BA0-B083-C58008EC3C97}.Release|x64.Build.0 = Release|x64
		{BDBB0FC1-FE91-4BA0-B083-C58008EC3C97}.Release|x86.ActiveCfg = Release|Win32
		{BDBB0FC1-FE91-4BA0-B083-C58008EC3C97}.Release|x86.Build.0 = Release|Win32
		{F9B7CFC3-81CF-4E77-B837-BA78CAA91B98}.Debug|x64.ActiveCfg = Debug|x64
		{F9B7CFC3-81CF-4E77-B837-BA78CAA91B98}.Debug|x64.Build.0 = Debug|x64
		{F9B7CFC3-81CF-4E77-B837-BA78CAA91B98}.Debug|x86.ActiveCfg = Debug|Win32
		{F9B7CFC3-81CF-4E77-B837-BA78CAA91B98}.Debug|x86.Build.0 = Debug|Win32
		{F9B7CFC3-81CF-4E77-B837-BA78CAA91B98}.Release|x64.ActiveCfg = Release|x64
		{F9B7CFC3-81CF-4E77-B837-BA78CAA91B98}.Release|x64.Build.0 = Release|x64
		{F9B7CFC3-81CF-4E77-B837-BA78CAA91B98}.Release|x86.ActiveCfg = Release|Win32
		{F9B7CFC3-81CF-4E77-B837-BA78CAA91B98}.Release|x86.Build.0 = Release|Win32
		{3AE56196-4564-4734-A3AC-6157A96E8EDB}.Debug|x64.ActiveCfg = Debug|x64
		{3AE56196-4564-4734-A3AC-6157A96E8EDB}.Debug|x64.Build.0 = Debug|x64
		{3AE56196-4564-4734-A3AC-6157A96E8EDB}.Debug|x86.ActiveCfg = Debug|Win32
		{3AE56196-4564-4734-A3AC-6157A96E8EDB}.Debug|x86.Build.0 = Debug|Win32
		{3AE56196-4564-4734-A3AC-6157A96E8EDB}.Release|x64.ActiveCfg = Release|x64
		{3AE56196-4564-4734-A3AC-6157A96E8EDB}.Release|x64.Build.0 = Release|x64
		{3AE56196-4564-4734-A3AC-6157A96E8EDB}.Release|x86.ActiveCfg = Release|Win32
		{3AE56196-4564-4734-A3AC-6157A96E8EDB}.Release|x86.Build.0 = Release|Win32
	EndGlobalSection
	GlobalSection(SolutionProperties) = preSolution
		HideSolutionNode = FALSE
	EndGlobalSection
	GlobalSection(ExtensibilityGlobals) = postSolution
		SolutionGuid = {0A4E12E6-50D1-4631-AEE1-5CAFCA819EFB}
	EndGlobalSection
EndGlobal
